
Microsoft Visual Studio Solution File, Format Version 12.00
# Visual Studio Version 17
VisualStudioVersion = 17.8.34511.84
MinimumVisualStudioVersion = 10.0.40219.1
Project("{9A19103F-16F7-4668-BE54-9A1E7A4F7556}") = "sup-traders", "sup-traders.csproj", "{9D59189E-344A-4448-BE55-1A44B565D668}"
EndProject
Global
	GlobalSection(SolutionConfigurationPlatforms) = preSolution
		Debug|Any CPU = Debug|Any CPU
		Release|Any CPU = Release|Any CPU
	EndGlobalSection
	GlobalSection(ProjectConfigurationPlatforms) = postSolution
		{9D59189E-344A-4448-BE55-1A44B565D668}.Debug|Any CPU.ActiveCfg = Debug|Any CPU
		{9D59189E-344A-4448-BE55-1A44B565D668}.Debug|Any CPU.Build.0 = Debug|Any CPU
		{9D59189E-344A-4448-BE55-1A44B565D668}.Release|Any CPU.ActiveCfg = Release|Any CPU
		{9D59189E-344A-4448-BE55-1A44B565D668}.Release|Any CPU.Build.0 = Release|Any CPU
	EndGlobalSection
	GlobalSection(SolutionProperties) = preSolution
		HideSolutionNode = FALSE
	EndGlobalSection
	GlobalSection(ExtensibilityGlobals) = postSolution
		SolutionGuid = {55FA55E2-776B-4C63-A8D1-25636746C065}
	EndGlobalSection
EndGlobal
